PODS:
  - "AccessibilitySnapshot+SnapshotTesting (0.1.0)":
    - AccessibilitySnapshot/Core
    - SnapshotTesting (~> 1.7.2)
  - AccessibilitySnapshot/Core (0.3.1):
    - fishhook (~> 0.2)
  - fishhook (0.2)
  - Paralayout (0.9.1)
  - SnapshotTesting (1.7.2)

DEPENDENCIES:
  - "AccessibilitySnapshot+SnapshotTesting (from `../AccessibilitySnapshot+SnapshotTesting.podspec`)"
  - AccessibilitySnapshot/Core
  - Paralayout (~> 0.9)

SPEC REPOS:
  trunk:
    - AccessibilitySnapshot
    - fishhook
    - Paralayout
    - SnapshotTesting

EXTERNAL SOURCES:
  "AccessibilitySnapshot+SnapshotTesting":
    :path: "../AccessibilitySnapshot+SnapshotTesting.podspec"

SPEC CHECKSUMS:
  AccessibilitySnapshot: 5c623007716998e3b9d040fd28f42407c0e38502
  "AccessibilitySnapshot+SnapshotTesting": c761fad75fe046c33a17282be37c378bcc84573a
  fishhook: ea19933abfe8f2f52c55fd8b6e2718467d3ebc89
  Paralayout: e36bf8c795ed9930159b9635ebb802d026667d0b
  SnapshotTesting: 8caa6661fea7c8019d5b46de77c16bab99c36c5c

PODFILE CHECKSUM: 857714d707c6ebbcb6323f8522e60f223fc268e8

COCOAPODS: 1.9.1
